// !$*UTF8*$!
{
	archiveVersion = 1;
	classes = {
	};
	objectVersion = 56;
	objects = {

/* Begin PBXBuildFile section */
		7D65BE7E2BFED264008837F2 /* SDL2_ttf.framework in Frameworks */ = {isa = PBXBuildFile; fileRef = 7D65BE7A2BFED264008837F2 /* SDL2_ttf.framework */; };
		7D65BE7F2BFED264008837F2 /* SDL2_ttf.framework in Embed Frameworks */ = {isa = PBXBuildFile; fileRef = 7D65BE7A2BFED264008837F2 /* SDL2_ttf.framework */; settings = {ATTRIBUTES = (CodeSignOnCopy, RemoveHeadersOnCopy, ); }; };
		7D65BE802BFED264008837F2 /* SDL2_image.framework in Frameworks */ = {isa = PBXBuildFile; fileRef = 7D65BE7B2BFED264008837F2 /* SDL2_image.framework */; };
		7D65BE812BFED265008837F2 /* SDL2_image.framework in Embed Frameworks */ = {isa = PBXBuildFile; fileRef = 7D65BE7B2BFED264008837F2 /* SDL2_image.framework */; settings = {ATTRIBUTES = (CodeSignOnCopy, RemoveHeadersOnCopy, ); }; };
		7D65BE822BFED265008837F2 /* SDL2.framework in Frameworks */ = {isa = PBXBuildFile; fileRef = 7D65BE7C2BFED264008837F2 /* SDL2.framework */; };
		7D65BE832BFED265008837F2 /* SDL2.framework in Embed Frameworks */ = {isa = PBXBuildFile; fileRef = 7D65BE7C2BFED264008837F2 /* SDL2.framework */; settings = {ATTRIBUTES = (CodeSignOnCopy, RemoveHeadersOnCopy, ); }; };
		7D65BE842BFED265008837F2 /* SDL2_mixer.framework in Frameworks */ = {isa = PBXBuildFile; fileRef = 7D65BE7D2BFED264008837F2 /* SDL2_mixer.framework */; };
		7D65BE852BFED265008837F2 /* SDL2_mixer.framework in Embed Frameworks */ = {isa = PBXBuildFile; fileRef = 7D65BE7D2BFED264008837F2 /* SDL2_mixer.framework */; settings = {ATTRIBUTES = (CodeSignOnCopy, RemoveHeadersOnCopy, ); }; };
		7DA59E542BFF7D0B00E79BCF /* main.cpp in Sources */ = {isa = PBXBuildFile; fileRef = 7DA59E522BFF7D0B00E79BCF /* main.cpp */; };
		7DC9FB452C038DB300C2CC58 /* highlands.mp3 in Resources */ = {isa = PBXBuildFile; fileRef = 7DC9FB442C038DB300C2CC58 /* highlands.mp3 */; };
		7DC9FB5A2C038E4000C2CC58 /* instructionGame.png in Resources */ = {isa = PBXBuildFile; fileRef = 7DC9FB482C038E4000C2CC58 /* instructionGame.png */; };
		7DC9FB5B2C038E4000C2CC58 /* exit.png in Resources */ = {isa = PBXBuildFile; fileRef = 7DC9FB492C038E4000C2CC58 /* exit.png */; };
		7DC9FB5C2C038E4000C2CC58 /* pause.png in Resources */ = {isa = PBXBuildFile; fileRef = 7DC9FB4A2C038E4000C2CC58 /* pause.png */; };
		7DC9FB5D2C038E4000C2CC58 /* background.png in Resources */ = {isa = PBXBuildFile; fileRef = 7DC9FB4B2C038E4000C2CC58 /* background.png */; };
		7DC9FB5E2C038E4000C2CC58 /* back_button.png in Resources */ = {isa = PBXBuildFile; fileRef = 7DC9FB4C2C038E4000C2CC58 /* back_button.png */; };
		7DC9FB5F2C038E4000C2CC58 /* menuFirst.png in Resources */ = {isa = PBXBuildFile; fileRef = 7DC9FB4D2C038E4000C2CC58 /* menuFirst.png */; };
		7DC9FB602C038E4000C2CC58 /* mainMenu.png in Resources */ = {isa = PBXBuildFile; fileRef = 7DC9FB4E2C038E4000C2CC58 /* mainMenu.png */; };
		7DC9FB612C038E4000C2CC58 /* restart.png in Resources */ = {isa = PBXBuildFile; fileRef = 7DC9FB4F2C038E4000C2CC58 /* restart.png */; };
		7DC9FB622C038E4000C2CC58 /* controlsInstruction.png in Resources */ = {isa = PBXBuildFile; fileRef = 7DC9FB502C038E4000C2CC58 /* controlsInstruction.png */; };
		7DC9FB632C038E4000C2CC58 /* controls.png in Resources */ = {isa = PBXBuildFile; fileRef = 7DC9FB512C038E4000C2CC58 /* controls.png */; };
		7DC9FB642C038E4000C2CC58 /* Gunner_Green_Idle.png in Resources */ = {isa = PBXBuildFile; fileRef = 7DC9FB522C038E4000C2CC58 /* Gunner_Green_Idle.png */; };
		7DC9FB652C038E4000C2CC58 /* deadMonsters.png in Resources */ = {isa = PBXBuildFile; fileRef = 7DC9FB532C038E4000C2CC58 /* deadMonsters.png */; };
		7DC9FB662C038E4000C2CC58 /* monster.png in Resources */ = {isa = PBXBuildFile; fileRef = 7DC9FB542C038E4000C2CC58 /* monster.png */; };
		7DC9FB672C038E4000C2CC58 /* home_button.png in Resources */ = {isa = PBXBuildFile; fileRef = 7DC9FB552C038E4000C2CC58 /* home_button.png */; };
		7DC9FB682C038E4000C2CC58 /* bullet.png in Resources */ = {isa = PBXBuildFile; fileRef = 7DC9FB562C038E4000C2CC58 /* bullet.png */; };
		7DC9FB692C038E4000C2CC58 /* Gunner_Green_Run.png in Resources */ = {isa = PBXBuildFile; fileRef = 7DC9FB572C038E4000C2CC58 /* Gunner_Green_Run.png */; };
		7DC9FB6B2C038E4000C2CC58 /* heart.png in Resources */ = {isa = PBXBuildFile; fileRef = 7DC9FB592C038E4000C2CC58 /* heart.png */; };
		7DC9FB6D2C038E7900C2CC58 /* play.png in Resources */ = {isa = PBXBuildFile; fileRef = 7DC9FB6C2C038E7900C2CC58 /* play.png */; };
		7DC9FB702C0390A500C2CC58 /* SunnySpellsBasic.ttf in Resources */ = {isa = PBXBuildFile; fileRef = 7DC9FB6F2C038E9600C2CC58 /* SunnySpellsBasic.ttf */; };
		7DC9FB712C0390F800C2CC58 /* AldotheApache.ttf in Resources */ = {isa = PBXBuildFile; fileRef = 7DC9FB6E2C038E9600C2CC58 /* AldotheApache.ttf */; };
		7DC9FB732C03914F00C2CC58 /* continue.png in Resources */ = {isa = PBXBuildFile; fileRef = 7DC9FB722C03914F00C2CC58 /* continue.png */; };
/* End PBXBuildFile section */

/* Begin PBXCopyFilesBuildPhase section */
		7D65BE862BFED265008837F2 /* Embed Frameworks */ = {
			isa = PBXCopyFilesBuildPhase;
			buildActionMask = 2147483647;
			dstPath = "";
			dstSubfolderSpec = 10;
			files = (
				7D65BE832BFED265008837F2 /* SDL2.framework in Embed Frameworks */,
				7D65BE852BFED265008837F2 /* SDL2_mixer.framework in Embed Frameworks */,
				7D65BE7F2BFED264008837F2 /* SDL2_ttf.framework in Embed Frameworks */,
				7D65BE812BFED265008837F2 /* SDL2_image.framework in Embed Frameworks */,
			);
			name = "Embed Frameworks";
			runOnlyForDeploymentPostprocessing = 0;
		};
/* End PBXCopyFilesBuildPhase section */

/* Begin PBXFileReference section */
		7D65BE662BFED23E008837F2 /* game-sdl2.app */ = {isa = PBXFileReference; explicitFileType = wrapper.application; includeInIndex = 0; path = "game-sdl2.app"; sourceTree = BUILT_PRODUCTS_DIR; };
		7D65BE7A2BFED264008837F2 /* SDL2_ttf.framework */ = {isa = PBXFileReference; lastKnownFileType = wrapper.framework; name = SDL2_ttf.framework; path = ../../../../Library/Frameworks/SDL2_ttf.framework; sourceTree = "<group>"; };
		7D65BE7B2BFED264008837F2 /* SDL2_image.framework */ = {isa = PBXFileReference; lastKnownFileType = wrapper.framework; name = SDL2_image.framework; path = ../../../../Library/Frameworks/SDL2_image.framework; sourceTree = "<group>"; };
		7D65BE7C2BFED264008837F2 /* SDL2.framework */ = {isa = PBXFileReference; lastKnownFileType = wrapper.framework; name = SDL2.framework; path = ../../../../Library/Frameworks/SDL2.framework; sourceTree = "<group>"; };
		7D65BE7D2BFED264008837F2 /* SDL2_mixer.framework */ = {isa = PBXFileReference; lastKnownFileType = wrapper.framework; name = SDL2_mixer.framework; path = ../../../../Library/Frameworks/SDL2_mixer.framework; sourceTree = "<group>"; };
		7DA59E522BFF7D0B00E79BCF /* main.cpp */ = {isa = PBXFileReference; lastKnownFileType = sourcecode.cpp.cpp; path = main.cpp; sourceTree = "<group>"; };
		7DC9FB362C02439700C2CC58 /* struct.h */ = {isa = PBXFileReference; lastKnownFileType = sourcecode.c.h; path = struct.h; sourceTree = "<group>"; };
		7DC9FB372C02442300C2CC58 /* variable.h */ = {isa = PBXFileReference; lastKnownFileType = sourcecode.c.h; path = variable.h; sourceTree = "<group>"; };
		7DC9FB382C0244CB00C2CC58 /* animation.h */ = {isa = PBXFileReference; lastKnownFileType = sourcecode.c.h; path = animation.h; sourceTree = "<group>"; };
		7DC9FB392C0253EE00C2CC58 /* init.h */ = {isa = PBXFileReference; lastKnownFileType = sourcecode.c.h; path = init.h; sourceTree = "<group>"; };
		7DC9FB3A2C0386FB00C2CC58 /* menu.h */ = {isa = PBXFileReference; lastKnownFileType = sourcecode.c.h; path = menu.h; sourceTree = "<group>"; };
		7DC9FB3E2C038B0700C2CC58 /* movement.h */ = {isa = PBXFileReference; lastKnownFileType = sourcecode.c.h; path = movement.h; sourceTree = "<group>"; };
		7DC9FB3F2C038B7500C2CC58 /* bullets.h */ = {isa = PBXFileReference; lastKnownFileType = sourcecode.c.h; path = bullets.h; sourceTree = "<group>"; };
		7DC9FB402C038BB700C2CC58 /* enemy.h */ = {isa = PBXFileReference; lastKnownFileType = sourcecode.c.h; path = enemy.h; sourceTree = "<group>"; };
		7DC9FB412C038C7600C2CC58 /* collisionAndScore.h */ = {isa = PBXFileReference; lastKnownFileType = sourcecode.c.h; path = collisionAndScore.h; sourceTree = "<group>"; };
		7DC9FB442C038DB300C2CC58 /* highlands.mp3 */ = {isa = PBXFileReference; lastKnownFileType = audio.mp3; name = highlands.mp3; path = "../../Game/font and sound/highlands.mp3"; sourceTree = "<group>"; };
		7DC9FB482C038E4000C2CC58 /* instructionGame.png */ = {isa = PBXFileReference; lastKnownFileType = image.png; name = instructionGame.png; path = ../../Game/image/instructionGame.png; sourceTree = "<group>"; };
		7DC9FB492C038E4000C2CC58 /* exit.png */ = {isa = PBXFileReference; lastKnownFileType = image.png; name = exit.png; path = ../../Game/image/exit.png; sourceTree = "<group>"; };
		7DC9FB4A2C038E4000C2CC58 /* pause.png */ = {isa = PBXFileReference; lastKnownFileType = image.png; name = pause.png; path = ../../Game/image/pause.png; sourceTree = "<group>"; };
		7DC9FB4B2C038E4000C2CC58 /* background.png */ = {isa = PBXFileReference; lastKnownFileType = image.png; name = background.png; path = ../../Game/image/background.png; sourceTree = "<group>"; };
		7DC9FB4C2C038E4000C2CC58 /* back_button.png */ = {isa = PBXFileReference; lastKnownFileType = image.png; name = back_button.png; path = ../../Game/image/back_button.png; sourceTree = "<group>"; };
		7DC9FB4D2C038E4000C2CC58 /* menuFirst.png */ = {isa = PBXFileReference; lastKnownFileType = image.png; name = menuFirst.png; path = ../../Game/image/menuFirst.png; sourceTree = "<group>"; };
		7DC9FB4E2C038E4000C2CC58 /* mainMenu.png */ = {isa = PBXFileReference; lastKnownFileType = image.png; name = mainMenu.png; path = ../../Game/image/mainMenu.png; sourceTree = "<group>"; };
		7DC9FB4F2C038E4000C2CC58 /* restart.png */ = {isa = PBXFileReference; lastKnownFileType = image.png; name = restart.png; path = ../../Game/image/restart.png; sourceTree = "<group>"; };
		7DC9FB502C038E4000C2CC58 /* controlsInstruction.png */ = {isa = PBXFileReference; lastKnownFileType = image.png; name = controlsInstruction.png; path = ../../Game/image/controlsInstruction.png; sourceTree = "<group>"; };
		7DC9FB512C038E4000C2CC58 /* controls.png */ = {isa = PBXFileReference; lastKnownFileType = image.png; name = controls.png; path = ../../Game/image/controls.png; sourceTree = "<group>"; };
		7DC9FB522C038E4000C2CC58 /* Gunner_Green_Idle.png */ = {isa = PBXFileReference; lastKnownFileType = image.png; name = Gunner_Green_Idle.png; path = ../../Game/image/Gunner_Green_Idle.png; sourceTree = "<group>"; };
		7DC9FB532C038E4000C2CC58 /* deadMonsters.png */ = {isa = PBXFileReference; lastKnownFileType = image.png; name = deadMonsters.png; path = ../../Game/image/deadMonsters.png; sourceTree = "<group>"; };
		7DC9FB542C038E4000C2CC58 /* monster.png */ = {isa = PBXFileReference; lastKnownFileType = image.png; name = monster.png; path = ../../Game/image/monster.png; sourceTree = "<group>"; };
		7DC9FB552C038E4000C2CC58 /* home_button.png */ = {isa = PBXFileReference; lastKnownFileType = image.png; name = home_button.png; path = ../../Game/image/home_button.png; sourceTree = "<group>"; };
		7DC9FB562C038E4000C2CC58 /* bullet.png */ = {isa = PBXFileReference; lastKnownFileType = image.png; name = bullet.png; path = ../../Game/image/bullet.png; sourceTree = "<group>"; };
		7DC9FB572C038E4000C2CC58 /* Gunner_Green_Run.png */ = {isa = PBXFileReference; lastKnownFileType = image.png; name = Gunner_Green_Run.png; path = ../../Game/image/Gunner_Green_Run.png; sourceTree = "<group>"; };
		7DC9FB592C038E4000C2CC58 /* heart.png */ = {isa = PBXFileReference; lastKnownFileType = image.png; name = heart.png; path = ../../Game/image/heart.png; sourceTree = "<group>"; };
		7DC9FB6C2C038E7900C2CC58 /* play.png */ = {isa = PBXFileReference; lastKnownFileType = image.png; name = play.png; path = ../../Game/image/play.png; sourceTree = "<group>"; };
		7DC9FB6E2C038E9600C2CC58 /* AldotheApache.ttf */ = {isa = PBXFileReference; lastKnownFileType = file; name = AldotheApache.ttf; path = "../../Game/font and sound/AldotheApache.ttf"; sourceTree = "<group>"; };
		7DC9FB6F2C038E9600C2CC58 /* SunnySpellsBasic.ttf */ = {isa = PBXFileReference; lastKnownFileType = file; name = SunnySpellsBasic.ttf; path = "../../Game/font and sound/SunnySpellsBasic.ttf"; sourceTree = "<group>"; };
		7DC9FB722C03914F00C2CC58 /* continue.png */ = {isa = PBXFileReference; lastKnownFileType = image.png; name = continue.png; path = "../../Menu Buttons/Large Buttons/Colored Large Buttons/continue.png"; sourceTree = "<group>"; };
/* End PBXFileReference section */

/* Begin PBXFrameworksBuildPhase section */
		7D65BE632BFED23E008837F2 /* Frameworks */ = {
			isa = PBXFrameworksBuildPhase;
			buildActionMask = 2147483647;
			files = (
				7D65BE822BFED265008837F2 /* SDL2.framework in Frameworks */,
				7D65BE842BFED265008837F2 /* SDL2_mixer.framework in Frameworks */,
				7D65BE7E2BFED264008837F2 /* SDL2_ttf.framework in Frameworks */,
				7D65BE802BFED264008837F2 /* SDL2_image.framework in Frameworks */,
			);
			runOnlyForDeploymentPostprocessing = 0;
		};
/* End PBXFrameworksBuildPhase section */

/* Begin PBXGroup section */
		7D65BE5D2BFED23D008837F2 = {
			isa = PBXGroup;
			children = (
				7D65BE682BFED23E008837F2 /* game-sdl2 */,
				7D65BE672BFED23E008837F2 /* Products */,
				7D65BE792BFED264008837F2 /* Frameworks */,
			);
			sourceTree = "<group>";
		};
		7D65BE672BFED23E008837F2 /* Products */ = {
			isa = PBXGroup;
			children = (
				7D65BE662BFED23E008837F2 /* game-sdl2.app */,
			);
			name = Products;
			sourceTree = "<group>";
		};
		7D65BE682BFED23E008837F2 /* game-sdl2 */ = {
			isa = PBXGroup;
			children = (
				7DA59E522BFF7D0B00E79BCF /* main.cpp */,
				7DC9FB412C038C7600C2CC58 /* collisionAndScore.h */,
				7DC9FB3F2C038B7500C2CC58 /* bullets.h */,
				7DC9FB3E2C038B0700C2CC58 /* movement.h */,
				7DC9FB402C038BB700C2CC58 /* enemy.h */,
				7DC9FB392C0253EE00C2CC58 /* init.h */,
				7DC9FB382C0244CB00C2CC58 /* animation.h */,
				7DC9FB3A2C0386FB00C2CC58 /* menu.h */,
				7DC9FB362C02439700C2CC58 /* struct.h */,
				7DC9FB372C02442300C2CC58 /* variable.h */,
				7DC9FB4C2C038E4000C2CC58 /* back_button.png */,
				7DC9FB4B2C038E4000C2CC58 /* background.png */,
				7DC9FB6C2C038E7900C2CC58 /* play.png */,
				7DC9FB562C038E4000C2CC58 /* bullet.png */,
				7DC9FB512C038E4000C2CC58 /* controls.png */,
				7DC9FB722C03914F00C2CC58 /* continue.png */,
				7DC9FB502C038E4000C2CC58 /* controlsInstruction.png */,
				7DC9FB532C038E4000C2CC58 /* deadMonsters.png */,
				7DC9FB492C038E4000C2CC58 /* exit.png */,
				7DC9FB522C038E4000C2CC58 /* Gunner_Green_Idle.png */,
				7DC9FB572C038E4000C2CC58 /* Gunner_Green_Run.png */,
				7DC9FB592C038E4000C2CC58 /* heart.png */,
				7DC9FB552C038E4000C2CC58 /* home_button.png */,
				7DC9FB482C038E4000C2CC58 /* instructionGame.png */,
				7DC9FB4E2C038E4000C2CC58 /* mainMenu.png */,
				7DC9FB4D2C038E4000C2CC58 /* menuFirst.png */,
				7DC9FB542C038E4000C2CC58 /* monster.png */,
				7DC9FB4A2C038E4000C2CC58 /* pause.png */,
				7DC9FB4F2C038E4000C2CC58 /* restart.png */,
				7DC9FB6E2C038E9600C2CC58 /* AldotheApache.ttf */,
				7DC9FB6F2C038E9600C2CC58 /* SunnySpellsBasic.ttf */,
				7DC9FB442C038DB300C2CC58 /* highlands.mp3 */,
			);
			path = "game-sdl2";
			sourceTree = "<group>";
		};
		7D65BE792BFED264008837F2 /* Frameworks */ = {
			isa = PBXGroup;
			children = (
				7D65BE7B2BFED264008837F2 /* SDL2_image.framework */,
				7D65BE7D2BFED264008837F2 /* SDL2_mixer.framework */,
				7D65BE7A2BFED264008837F2 /* SDL2_ttf.framework */,
				7D65BE7C2BFED264008837F2 /* SDL2.framework */,
			);
			name = Frameworks;
			sourceTree = "<group>";
		};
/* End PBXGroup section */

/* Begin PBXNativeTarget section */
		7D65BE652BFED23E008837F2 /* game-sdl2 */ = {
			isa = PBXNativeTarget;
			buildConfigurationList = 7D65BE762BFED240008837F2 /* Build configuration list for PBXNativeTarget "game-sdl2" */;
			buildPhases = (
				7D65BE622BFED23E008837F2 /* Sources */,
				7D65BE632BFED23E008837F2 /* Frameworks */,
				7D65BE642BFED23E008837F2 /* Resources */,
				7D65BE862BFED265008837F2 /* Embed Frameworks */,
			);
			buildRules = (
			);
			dependencies = (
			);
			name = "game-sdl2";
			productName = "game-sdl2";
			productReference = 7D65BE662BFED23E008837F2 /* game-sdl2.app */;
			productType = "com.apple.product-type.application";
		};
/* End PBXNativeTarget section */

/* Begin PBXProject section */
		7D65BE5E2BFED23D008837F2 /* Project object */ = {
			isa = PBXProject;
			attributes = {
				BuildIndependentTargetsInParallel = 1;
				LastUpgradeCheck = 1540;
				TargetAttributes = {
					7D65BE652BFED23E008837F2 = {
						CreatedOnToolsVersion = 15.4;
					};
				};
			};
			buildConfigurationList = 7D65BE612BFED23D008837F2 /* Build configuration list for PBXProject "game-sdl2" */;
			compatibilityVersion = "Xcode 14.0";
			developmentRegion = en;
			hasScannedForEncodings = 0;
			knownRegions = (
				en,
				Base,
			);
			mainGroup = 7D65BE5D2BFED23D008837F2;
			productRefGroup = 7D65BE672BFED23E008837F2 /* Products */;
			projectDirPath = "";
			projectRoot = "";
			targets = (
				7D65BE652BFED23E008837F2 /* game-sdl2 */,
			);
		};
/* End PBXProject section */

/* Begin PBXResourcesBuildPhase section */
		7D65BE642BFED23E008837F2 /* Resources */ = {
			isa = PBXResourcesBuildPhase;
			buildActionMask = 2147483647;
			files = (
				7DC9FB702C0390A500C2CC58 /* SunnySpellsBasic.ttf in Resources */,
				7DC9FB612C038E4000C2CC58 /* restart.png in Resources */,
				7DC9FB682C038E4000C2CC58 /* bullet.png in Resources */,
				7DC9FB452C038DB300C2CC58 /* highlands.mp3 in Resources */,
				7DC9FB5F2C038E4000C2CC58 /* menuFirst.png in Resources */,
				7DC9FB6B2C038E4000C2CC58 /* heart.png in Resources */,
				7DC9FB5B2C038E4000C2CC58 /* exit.png in Resources */,
				7DC9FB642C038E4000C2CC58 /* Gunner_Green_Idle.png in Resources */,
				7DC9FB6D2C038E7900C2CC58 /* play.png in Resources */,
				7DC9FB602C038E4000C2CC58 /* mainMenu.png in Resources */,
				7DC9FB662C038E4000C2CC58 /* monster.png in Resources */,
				7DC9FB5D2C038E4000C2CC58 /* background.png in Resources */,
				7DC9FB732C03914F00C2CC58 /* continue.png in Resources */,
				7DC9FB652C038E4000C2CC58 /* deadMonsters.png in Resources */,
				7DC9FB5C2C038E4000C2CC58 /* pause.png in Resources */,
				7DC9FB672C038E4000C2CC58 /* home_button.png in Resources */,
				7DC9FB692C038E4000C2CC58 /* Gunner_Green_Run.png in Resources */,
				7DC9FB622C038E4000C2CC58 /* controlsInstruction.png in Resources */,
				7DC9FB712C0390F800C2CC58 /* AldotheApache.ttf in Resources */,
				7DC9FB5A2C038E4000C2CC58 /* instructionGame.png in Resources */,
				7DC9FB5E2C038E4000C2CC58 /* back_button.png in Resources */,
				7DC9FB632C038E4000C2CC58 /* controls.png in Resources */,
			);
			runOnlyForDeploymentPostprocessing = 0;
		};
/* End PBXResourcesBuildPhase section */

/* Begin PBXSourcesBuildPhase section */
		7D65BE622BFED23E008837F2 /* Sources */ = {
			isa = PBXSourcesBuildPhase;
			buildActionMask = 2147483647;
			files = (
				7DA59E542BFF7D0B00E79BCF /* main.cpp in Sources */,
			);
			runOnlyForDeploymentPostprocessing = 0;
		};
/* End PBXSourcesBuildPhase section */

/* Begin XCBuildConfiguration section */
		7D65BE742BFED240008837F2 /* Debug */ = {
			isa = XCBuildConfiguration;
			buildSettings = {
				ALWAYS_SEARCH_USER_PATHS = NO;
				ASSETCATALOG_COMPILER_GENERATE_SWIFT_ASSET_SYMBOL_EXTENSIONS = YES;
				CLANG_ANALYZER_NONNULL = YES;
				CLANG_ANALYZER_NUMBER_OBJECT_CONVERSION = YES_AGGRESSIVE;
				CLANG_CXX_LANGUAGE_STANDARD = "gnu++20";
				CLANG_ENABLE_MODULES = YES;
				CLANG_ENABLE_OBJC_ARC = YES;
				CLANG_ENABLE_OBJC_WEAK = YES;
				CLANG_WARN_BLOCK_CAPTURE_AUTORELEASING = YES;
				CLANG_WARN_BOOL_CONVERSION = YES;
				CLANG_WARN_COMMA = YES;
				CLANG_WARN_CONSTANT_CONVERSION = YES;
				CLANG_WARN_DEPRECATED_OBJC_IMPLEMENTATIONS = YES;
				CLANG_WARN_DIRECT_OBJC_ISA_USAGE = YES_ERROR;
				CLANG_WARN_DOCUMENTATION_COMMENTS = YES;
				CLANG_WARN_EMPTY_BODY = YES;
				CLANG_WARN_ENUM_CONVERSION = YES;
				CLANG_WARN_INFINITE_RECURSION = YES;
				CLANG_WARN_INT_CONVERSION = YES;
				CLANG_WARN_NON_LITERAL_NULL_CONVERSION = YES;
				CLANG_WARN_OBJC_IMPLICIT_RETAIN_SELF = YES;
				CLANG_WARN_OBJC_LITERAL_CONVERSION = YES;
				CLANG_WARN_OBJC_ROOT_CLASS = YES_ERROR;
				CLANG_WARN_QUOTED_INCLUDE_IN_FRAMEWORK_HEADER = YES;
				CLANG_WARN_RANGE_LOOP_ANALYSIS = YES;
				CLANG_WARN_STRICT_PROTOTYPES = YES;
				CLANG_WARN_SUSPICIOUS_MOVE = YES;
				CLANG_WARN_UNGUARDED_AVAILABILITY = YES_AGGRESSIVE;
				CLANG_WARN_UNREACHABLE_CODE = YES;
				CLANG_WARN__DUPLICATE_METHOD_MATCH = YES;
				COPY_PHASE_STRIP = NO;
				DEBUG_INFORMATION_FORMAT = dwarf;
				ENABLE_STRICT_OBJC_MSGSEND = YES;
				ENABLE_TESTABILITY = YES;
				ENABLE_USER_SCRIPT_SANDBOXING = YES;
				GCC_C_LANGUAGE_STANDARD = gnu17;
				GCC_DYNAMIC_NO_PIC = NO;
				GCC_NO_COMMON_BLOCKS = YES;
				GCC_OPTIMIZATION_LEVEL = 0;
				GCC_PREPROCESSOR_DEFINITIONS = (
					"DEBUG=1",
					"$(inherited)",
				);
				GCC_WARN_64_TO_32_BIT_CONVERSION = YES;
				GCC_WARN_ABOUT_RETURN_TYPE = YES_ERROR;
				GCC_WARN_UNDECLARED_SELECTOR = YES;
				GCC_WARN_UNINITIALIZED_AUTOS = YES_AGGRESSIVE;
				GCC_WARN_UNUSED_FUNCTION = YES;
				GCC_WARN_UNUSED_VARIABLE = YES;
				LOCALIZATION_PREFERS_STRING_CATALOGS = YES;
				MACOSX_DEPLOYMENT_TARGET = 14.4;
				MTL_ENABLE_DEBUG_INFO = INCLUDE_SOURCE;
				MTL_FAST_MATH = YES;
				ONLY_ACTIVE_ARCH = YES;
				SDKROOT = macosx;
			};
			name = Debug;
		};
		7D65BE752BFED240008837F2 /* Release */ = {
			isa = XCBuildConfiguration;
			buildSettings = {
				ALWAYS_SEARCH_USER_PATHS = NO;
				ASSETCATALOG_COMPILER_GENERATE_SWIFT_ASSET_SYMBOL_EXTENSIONS = YES;
				CLANG_ANALYZER_NONNULL = YES;
				CLANG_ANALYZER_NUMBER_OBJECT_CONVERSION = YES_AGGRESSIVE;
				CLANG_CXX_LANGUAGE_STANDARD = "gnu++20";
				CLANG_ENABLE_MODULES = YES;
				CLANG_ENABLE_OBJC_ARC = YES;
				CLANG_ENABLE_OBJC_WEAK = YES;
				CLANG_WARN_BLOCK_CAPTURE_AUTORELEASING = YES;
				CLANG_WARN_BOOL_CONVERSION = YES;
				CLANG_WARN_COMMA = YES;
				CLANG_WARN_CONSTANT_CONVERSION = YES;
				CLANG_WARN_DEPRECATED_OBJC_IMPLEMENTATIONS = YES;
				CLANG_WARN_DIRECT_OBJC_ISA_USAGE = YES_ERROR;
				CLANG_WARN_DOCUMENTATION_COMMENTS = YES;
				CLANG_WARN_EMPTY_BODY = YES;
				CLANG_WARN_ENUM_CONVERSION = YES;
				CLANG_WARN_INFINITE_RECURSION = YES;
				CLANG_WARN_INT_CONVERSION = YES;
				CLANG_WARN_NON_LITERAL_NULL_CONVERSION = YES;
				CLANG_WARN_OBJC_IMPLICIT_RETAIN_SELF = YES;
				CLANG_WARN_OBJC_LITERAL_CONVERSION = YES;
				CLANG_WARN_OBJC_ROOT_CLASS = YES_ERROR;
				CLANG_WARN_QUOTED_INCLUDE_IN_FRAMEWORK_HEADER = YES;
				CLANG_WARN_RANGE_LOOP_ANALYSIS = YES;
				CLANG_WARN_STRICT_PROTOTYPES = YES;
				CLANG_WARN_SUSPICIOUS_MOVE = YES;
				CLANG_WARN_UNGUARDED_AVAILABILITY = YES_AGGRESSIVE;
				CLANG_WARN_UNREACHABLE_CODE = YES;
				CLANG_WARN__DUPLICATE_METHOD_MATCH = YES;
				COPY_PHASE_STRIP = NO;
				DEBUG_INFORMATION_FORMAT = "dwarf-with-dsym";
				ENABLE_NS_ASSERTIONS = NO;
				ENABLE_STRICT_OBJC_MSGSEND = YES;
				ENABLE_USER_SCRIPT_SANDBOXING = YES;
				GCC_C_LANGUAGE_STANDARD = gnu17;
				GCC_NO_COMMON_BLOCKS = YES;
				GCC_WARN_64_TO_32_BIT_CONVERSION = YES;
				GCC_WARN_ABOUT_RETURN_TYPE = YES_ERROR;
				GCC_WARN_UNDECLARED_SELECTOR = YES;
				GCC_WARN_UNINITIALIZED_AUTOS = YES_AGGRESSIVE;
				GCC_WARN_UNUSED_FUNCTION = YES;
				GCC_WARN_UNUSED_VARIABLE = YES;
				LOCALIZATION_PREFERS_STRING_CATALOGS = YES;
				MACOSX_DEPLOYMENT_TARGET = 14.4;
				MTL_ENABLE_DEBUG_INFO = NO;
				MTL_FAST_MATH = YES;
				SDKROOT = macosx;
			};
			name = Release;
		};
		7D65BE772BFED240008837F2 /* Debug */ = {
			isa = XCBuildConfiguration;
			buildSettings = {
				ASSETCATALOG_COMPILER_APPICON_NAME = AppIcon;
				ASSETCATALOG_COMPILER_GLOBAL_ACCENT_COLOR_NAME = AccentColor;
				CODE_SIGN_ENTITLEMENTS = "game-sdl2/game_sdl2.entitlements";
				CODE_SIGN_STYLE = Automatic;
				COMBINE_HIDPI_IMAGES = YES;
				CURRENT_PROJECT_VERSION = 1;
				DEVELOPMENT_TEAM = 8ZXJQRVY88;
				ENABLE_HARDENED_RUNTIME = YES;
				FRAMEWORK_SEARCH_PATHS = (
					"$(inherited)",
					"$(LOCAL_LIBRARY_DIR)/Frameworks",
				);
				GENERATE_INFOPLIST_FILE = YES;
				INFOPLIST_KEY_NSHumanReadableCopyright = "";
				INFOPLIST_KEY_NSMainNibFile = MainMenu;
				INFOPLIST_KEY_NSPrincipalClass = NSApplication;
				LD_RUNPATH_SEARCH_PATHS = (
					"$(inherited)",
					"@executable_path/../Frameworks",
				);
				MARKETING_VERSION = 1.0;
				PRODUCT_BUNDLE_IDENTIFIER = "cpp.game-sdl2";
				PRODUCT_NAME = "$(TARGET_NAME)";
				SWIFT_EMIT_LOC_STRINGS = YES;
			};
			name = Debug;
		};
		7D65BE782BFED240008837F2 /* Release */ = {
			isa = XCBuildConfiguration;
			buildSettings = {
				ASSETCATALOG_COMPILER_APPICON_NAME = AppIcon;
				ASSETCATALOG_COMPILER_GLOBAL_ACCENT_COLOR_NAME = AccentColor;
				CODE_SIGN_ENTITLEMENTS = "game-sdl2/game_sdl2.entitlements";
				CODE_SIGN_STYLE = Automatic;
				COMBINE_HIDPI_IMAGES = YES;
				CURRENT_PROJECT_VERSION = 1;
				DEVELOPMENT_TEAM = 8ZXJQRVY88;
				ENABLE_HARDENED_RUNTIME = YES;
				FRAMEWORK_SEARCH_PATHS = (
					"$(inherited)",
					"$(LOCAL_LIBRARY_DIR)/Frameworks",
				);
				GENERATE_INFOPLIST_FILE = YES;
				INFOPLIST_KEY_NSHumanReadableCopyright = "";
				INFOPLIST_KEY_NSMainNibFile = MainMenu;
				INFOPLIST_KEY_NSPrincipalClass = NSApplication;
				LD_RUNPATH_SEARCH_PATHS = (
					"$(inherited)",
					"@executable_path/../Frameworks",
				);
				MARKETING_VERSION = 1.0;
				PRODUCT_BUNDLE_IDENTIFIER = "cpp.game-sdl2";
				PRODUCT_NAME = "$(TARGET_NAME)";
				SWIFT_EMIT_LOC_STRINGS = YES;
			};
			name = Release;
		};
/* End XCBuildConfiguration section */

/* Begin XCConfigurationList section */
		7D65BE612BFED23D008837F2 /* Build configuration list for PBXProject "game-sdl2" */ = {
			isa = XCConfigurationList;
			buildConfigurations = (
				7D65BE742BFED240008837F2 /* Debug */,
				7D65BE752BFED240008837F2 /* Release */,
			);
			defaultConfigurationIsVisible = 0;
			defaultConfigurationName = Release;
		};
		7D65BE762BFED240008837F2 /* Build configuration list for PBXNativeTarget "game-sdl2" */ = {
			isa = XCConfigurationList;
			buildConfigurations = (
				7D65BE772BFED240008837F2 /* Debug */,
				7D65BE782BFED240008837F2 /* Release */,
			);
			defaultConfigurationIsVisible = 0;
			defaultConfigurationName = Release;
		};
/* End XCConfigurationList section */
	};
	rootObject = 7D65BE5E2BFED23D008837F2 /* Project object */;
}
